// !$*UTF8*$!
{
	archiveVersion = 1;
	classes = {
	};
	objectVersion = 46;
	objects = {

/* Begin PBXBuildFile section */
		3B02A02F1CAA76A500953312 /* Payment.swift in Sources */ = {isa = PBXBuildFile; fileRef = 3B02A0251CAA76A500953312 /* Payment.swift */; };
		3B02A0301CAA76A500953312 /* PreAuth.swift in Sources */ = {isa = PBXBuildFile; fileRef = 3B02A0261CAA76A500953312 /* PreAuth.swift */; };
		3B02A0311CAA76A500953312 /* RegisterCard.swift in Sources */ = {isa = PBXBuildFile; fileRef = 3B02A0271CAA76A500953312 /* RegisterCard.swift */; };
		3B02A0321CAA76A500953312 /* Refund.swift in Sources */ = {isa = PBXBuildFile; fileRef = 3B02A0281CAA76A500953312 /* Refund.swift */; };
		3B02A0331CAA76A500953312 /* Collection.swift in Sources */ = {isa = PBXBuildFile; fileRef = 3B02A0291CAA76A500953312 /* Collection.swift */; };
		3B02A0341CAA76A500953312 /* VoidTransaction.swift in Sources */ = {isa = PBXBuildFile; fileRef = 3B02A02A1CAA76A500953312 /* VoidTransaction.swift */; };
		3B02A0351CAA76A500953312 /* Receipt.swift in Sources */ = {isa = PBXBuildFile; fileRef = 3B02A02B1CAA76A500953312 /* Receipt.swift */; };
		3B02A0361CAA76A500953312 /* Session.swift in Sources */ = {isa = PBXBuildFile; fileRef = 3B02A02C1CAA76A500953312 /* Session.swift */; };
		3B02A0371CAA76A500953312 /* Transaction.swift in Sources */ = {isa = PBXBuildFile; fileRef = 3B02A02D1CAA76A500953312 /* Transaction.swift */; };
		3B02A0381CAA76A500953312 /* TransactionProcess.swift in Sources */ = {isa = PBXBuildFile; fileRef = 3B02A02E1CAA76A500953312 /* TransactionProcess.swift */; };
		3B02A0431CAA76B000953312 /* Response.swift in Sources */ = {isa = PBXBuildFile; fileRef = 3B02A0391CAA76B000953312 /* Response.swift */; };
		3B02A0441CAA76B000953312 /* Amount.swift in Sources */ = {isa = PBXBuildFile; fileRef = 3B02A03A1CAA76B000953312 /* Amount.swift */; };
		3B02A0451CAA76B000953312 /* Address.swift in Sources */ = {isa = PBXBuildFile; fileRef = 3B02A03B1CAA76B000953312 /* Address.swift */; };
		3B02A0461CAA76B000953312 /* Reference.swift in Sources */ = {isa = PBXBuildFile; fileRef = 3B02A03C1CAA76B000953312 /* Reference.swift */; };
		3B02A0471CAA76B000953312 /* Card.swift in Sources */ = {isa = PBXBuildFile; fileRef = 3B02A03D1CAA76B000953312 /* Card.swift */; };
		3B02A0481CAA76B000953312 /* JudoErrors.swift in Sources */ = {isa = PBXBuildFile; fileRef = 3B02A03E1CAA76B000953312 /* JudoErrors.swift */; };
		3B02A0491CAA76B000953312 /* JudoErrorCode.swift in Sources */ = {isa = PBXBuildFile; fileRef = 3B02A03F1CAA76B000953312 /* JudoErrorCode.swift */; };
		3B02A04A1CAA76B000953312 /* JudoModelError.swift in Sources */ = {isa = PBXBuildFile; fileRef = 3B02A0401CAA76B000953312 /* JudoModelError.swift */; };
		3B02A04B1CAA76B000953312 /* JudoModelErrorCode.swift in Sources */ = {isa = PBXBuildFile; fileRef = 3B02A0411CAA76B000953312 /* JudoModelErrorCode.swift */; };
		3B02A04C1CAA76B000953312 /* JudoErrorCategory.swift in Sources */ = {isa = PBXBuildFile; fileRef = 3B02A0421CAA76B000953312 /* JudoErrorCategory.swift */; };
		3B02A04E1CAA76C100953312 /* String+Validation.swift in Sources */ = {isa = PBXBuildFile; fileRef = 3B02A04D1CAA76C100953312 /* String+Validation.swift */; };
		3B02ED1B1C63BD770045C705 /* Theme.swift in Sources */ = {isa = PBXBuildFile; fileRef = 3B02ED1A1C63BD770045C705 /* Theme.swift */; };
		3B286FBC1C3ED7F200094D48 /* CardNetwork+CardLogoType.swift in Sources */ = {isa = PBXBuildFile; fileRef = 3B286FBB1C3ED7F200094D48 /* CardNetwork+CardLogoType.swift */; };
		3B5A600E1CAACF6100E98AC6 /* JudoKit.framework in Frameworks */ = {isa = PBXBuildFile; fileRef = DA76A5FD1B7B73D30033E553 /* JudoKit.framework */; };
		3B5A60141CAACFFE00E98AC6 /* JudoTestCase.swift in Sources */ = {isa = PBXBuildFile; fileRef = 3B02A04F1CAA7B0000953312 /* JudoTestCase.swift */; };
		3B5A60151CAACFFE00E98AC6 /* AuthenticationTests.swift in Sources */ = {isa = PBXBuildFile; fileRef = 3B02A0501CAA7B0000953312 /* AuthenticationTests.swift */; };
		3B5A60161CAACFFE00E98AC6 /* TransactionTests.swift in Sources */ = {isa = PBXBuildFile; fileRef = 3B02A0511CAA7B0000953312 /* TransactionTests.swift */; };
		3B5A60171CAACFFE00E98AC6 /* PaymentTests.swift in Sources */ = {isa = PBXBuildFile; fileRef = 3B02A0521CAA7B0000953312 /* PaymentTests.swift */; };
		3B5A60181CAACFFE00E98AC6 /* TokenPaymentTests.swift in Sources */ = {isa = PBXBuildFile; fileRef = 3B02A0531CAA7B0000953312 /* TokenPaymentTests.swift */; };
		3B5A60191CAACFFE00E98AC6 /* PreAuthTests.swift in Sources */ = {isa = PBXBuildFile; fileRef = 3B02A0541CAA7B0000953312 /* PreAuthTests.swift */; };
		3B5A601B1CAACFFE00E98AC6 /* RegisterCardTests.swift in Sources */ = {isa = PBXBuildFile; fileRef = 3B02A0561CAA7B0000953312 /* RegisterCardTests.swift */; };
		3B5A601C1CAACFFE00E98AC6 /* CollectionTests.swift in Sources */ = {isa = PBXBuildFile; fileRef = 3B02A0571CAA7B0000953312 /* CollectionTests.swift */; };
		3B5A601D1CAACFFE00E98AC6 /* RefundTests.swift in Sources */ = {isa = PBXBuildFile; fileRef = 3B02A0581CAA7B0000953312 /* RefundTests.swift */; };
		3B5A601E1CAACFFE00E98AC6 /* VoidTransactionTests.swift in Sources */ = {isa = PBXBuildFile; fileRef = 3B02A0591CAA7B0000953312 /* VoidTransactionTests.swift */; };
		3B5A601F1CAACFFE00E98AC6 /* ReceiptTests.swift in Sources */ = {isa = PBXBuildFile; fileRef = 3B02A05A1CAA7B0000953312 /* ReceiptTests.swift */; };
		3B5A60201CAACFFE00E98AC6 /* SessionTests.swift in Sources */ = {isa = PBXBuildFile; fileRef = 3B02A05B1CAA7B0000953312 /* SessionTests.swift */; };
		3B5A60211CAACFFE00E98AC6 /* ListTests.swift in Sources */ = {isa = PBXBuildFile; fileRef = 3B02A05C1CAA7B0000953312 /* ListTests.swift */; };
		3B5A60221CAACFFE00E98AC6 /* JudoTests.swift in Sources */ = {isa = PBXBuildFile; fileRef = 3B02A05D1CAA7B0000953312 /* JudoTests.swift */; };
		3B5A60231CAACFFE00E98AC6 /* JudoKitTests.swift in Sources */ = {isa = PBXBuildFile; fileRef = 3B5A5FF81CAA820F00E98AC6 /* JudoKitTests.swift */; };
		3B5A60261CAAD34D00E98AC6 /* TokenPreAuthTests.swift in Sources */ = {isa = PBXBuildFile; fileRef = 3B02A0551CAA7B0000953312 /* TokenPreAuthTests.swift */; };
		3B8D60481CE21ACD00EA7533 /* JudoKit.framework in CopyFiles */ = {isa = PBXBuildFile; fileRef = DA76A5FD1B7B73D30033E553 /* JudoKit.framework */; settings = {ATTRIBUTES = (CodeSignOnCopy, RemoveHeadersOnCopy, ); }; };
		3BA69A881CCFC02500F79680 /* ErrorAnimatable.swift in Sources */ = {isa = PBXBuildFile; fileRef = 3BA69A871CCFC02500F79680 /* ErrorAnimatable.swift */; };
		3BC4C0D01C6204A60010CE14 /* JudoPayView+JudoPayInputDelegate.swift in Sources */ = {isa = PBXBuildFile; fileRef = 3BC4C0CF1C6204A60010CE14 /* JudoPayView+JudoPayInputDelegate.swift */; };
		3BFD9A951CD9F74E00B8385D /* DedupTestCase.swift in Sources */ = {isa = PBXBuildFile; fileRef = 3BFD9A931CD9F72B00B8385D /* DedupTestCase.swift */; };
		7028042E1CE4DC2100150B21 /* CardDetailsSetTests.swift in Sources */ = {isa = PBXBuildFile; fileRef = 7028042D1CE4DC2100150B21 /* CardDetailsSetTests.swift */; };
		705214251E25435E00C17BD8 /* DeviceDNA.framework in Frameworks */ = {isa = PBXBuildFile; fileRef = 705214241E25435E00C17BD8 /* DeviceDNA.framework */; };
		705214261E25439700C17BD8 /* DeviceDNA.framework in CopyFiles */ = {isa = PBXBuildFile; fileRef = 705214241E25435E00C17BD8 /* DeviceDNA.framework */; settings = {ATTRIBUTES = (CodeSignOnCopy, RemoveHeadersOnCopy, ); }; };
		705214271E2543A000C17BD8 /* DeviceDNA.framework in Frameworks */ = {isa = PBXBuildFile; fileRef = 705214241E25435E00C17BD8 /* DeviceDNA.framework */; };
		7068ABF31D2BC19300581A5A /* ThemeTests.swift in Sources */ = {isa = PBXBuildFile; fileRef = 7068ABF11D2BC0B600581A5A /* ThemeTests.swift */; };
		708E1F891CBFDB4500114057 /* ErrorMessageContentsTests.swift in Sources */ = {isa = PBXBuildFile; fileRef = 708E1F881CBFDB4500114057 /* ErrorMessageContentsTests.swift */; };
		70ADAAD41CE247EC00DC0172 /* JudoTestCaseConfig.swift in Sources */ = {isa = PBXBuildFile; fileRef = 70ADAAD21CE247E400DC0172 /* JudoTestCaseConfig.swift */; };
		70F49E281DC353C6003B8D3B /* NSDate+Judo.swift in Sources */ = {isa = PBXBuildFile; fileRef = 70F49E271DC353C6003B8D3B /* NSDate+Judo.swift */; };
		BB02FE711EB207FD000B9254 /* UINavigationBar+Judo.swift in Sources */ = {isa = PBXBuildFile; fileRef = BB02FE701EB207FD000B9254 /* UINavigationBar+Judo.swift */; };
		BBDB1F181E961C6A00AD0A95 /* judopay-sandbox.com.cer in Resources */ = {isa = PBXBuildFile; fileRef = BBDB1F161E961C6A00AD0A95 /* judopay-sandbox.com.cer */; };
		BBDB1F191E961C6A00AD0A95 /* judopay-sandbox.com.cer in Resources */ = {isa = PBXBuildFile; fileRef = BBDB1F161E961C6A00AD0A95 /* judopay-sandbox.com.cer */; };
		BBDB1F1A1E961C6A00AD0A95 /* gw1.judopay.com.cer in Resources */ = {isa = PBXBuildFile; fileRef = BBDB1F171E961C6A00AD0A95 /* gw1.judopay.com.cer */; };
		BBDB1F1B1E961C6A00AD0A95 /* gw1.judopay.com.cer in Resources */ = {isa = PBXBuildFile; fileRef = BBDB1F171E961C6A00AD0A95 /* gw1.judopay.com.cer */; };
		DA0C19B91B986B5400CD2613 /* CardLogoView.swift in Sources */ = {isa = PBXBuildFile; fileRef = DA0C19B81B986B5400CD2613 /* CardLogoView.swift */; };
		DA3902351B95B5DF001A703C /* JudoPayViewController.swift in Sources */ = {isa = PBXBuildFile; fileRef = DA3902341B95B5DF001A703C /* JudoPayViewController.swift */; };
		DA3902371B95DC62001A703C /* DateInputField.swift in Sources */ = {isa = PBXBuildFile; fileRef = DA3902361B95DC62001A703C /* DateInputField.swift */; };
		DA39023E1B96092B001A703C /* SecurityInputField.swift in Sources */ = {isa = PBXBuildFile; fileRef = DA39023D1B96092B001A703C /* SecurityInputField.swift */; };
		DA3902461B983959001A703C /* JudoPayInputField.swift in Sources */ = {isa = PBXBuildFile; fileRef = DA3902451B983959001A703C /* JudoPayInputField.swift */; };
		DA53A27F1BDE430B000C0A99 /* NSTimer+Blocks.swift in Sources */ = {isa = PBXBuildFile; fileRef = DA53A27E1BDE430B000C0A99 /* NSTimer+Blocks.swift */; };
		DA7418BD1B9DF61900C4D323 /* LoadingView.swift in Sources */ = {isa = PBXBuildFile; fileRef = DA7418BC1B9DF61900C4D323 /* LoadingView.swift */; };
		DA7418BF1B9EF8F000C4D323 /* UIColor+Judo.swift in Sources */ = {isa = PBXBuildFile; fileRef = DA7418BE1B9EF8F000C4D323 /* UIColor+Judo.swift */; };
		DA7418C41BA039FF00C4D323 /* PostCodeInputField.swift in Sources */ = {isa = PBXBuildFile; fileRef = DA7418C31BA039FF00C4D323 /* PostCodeInputField.swift */; };
		DA7418C61BA0448D00C4D323 /* BillingCountryInputField.swift in Sources */ = {isa = PBXBuildFile; fileRef = DA7418C51BA0448D00C4D323 /* BillingCountryInputField.swift */; };
		DA7418C81BA0538E00C4D323 /* IssueNumberInputField.swift in Sources */ = {isa = PBXBuildFile; fileRef = DA7418C71BA0538E00C4D323 /* IssueNumberInputField.swift */; };
		DA76A6011B7B73D30033E553 /* JudoKit.h in Headers */ = {isa = PBXBuildFile; fileRef = DA76A6001B7B73D30033E553 /* JudoKit.h */; settings = {ATTRIBUTES = (Public, ); }; };
		DA99F4C71C0F562B001EADC6 /* JudoInputType.swift in Sources */ = {isa = PBXBuildFile; fileRef = DA99F4C61C0F562B001EADC6 /* JudoInputType.swift */; };
		DA99F4CB1C0F56CD001EADC6 /* JudoPayInputDelegate.swift in Sources */ = {isa = PBXBuildFile; fileRef = DA99F4CA1C0F56CD001EADC6 /* JudoPayInputDelegate.swift */; };
		DAB051381BD797CA00888E06 /* FloatingTextField.swift in Sources */ = {isa = PBXBuildFile; fileRef = DAB051371BD797CA00888E06 /* FloatingTextField.swift */; };
		DAB261AD1B7B7A0B005024FF /* JudoKit.swift in Sources */ = {isa = PBXBuildFile; fileRef = DAB261AC1B7B7A0B005024FF /* JudoKit.swift */; };
		DAC0A3D51BB14A8000EA689D /* 3DSWebView.swift in Sources */ = {isa = PBXBuildFile; fileRef = DAC0A3D41BB14A8000EA689D /* 3DSWebView.swift */; };
		DAC0A3DF1BB1845C00EA689D /* PayButton.swift in Sources */ = {isa = PBXBuildFile; fileRef = DAC0A3DE1BB1845C00EA689D /* PayButton.swift */; };
		DAD13A221B7C9E76007BB196 /* CardInputField.swift in Sources */ = {isa = PBXBuildFile; fileRef = DAD13A211B7C9E76007BB196 /* CardInputField.swift */; };
		DAD13A241B7CABA7007BB196 /* String+Card.swift in Sources */ = {isa = PBXBuildFile; fileRef = DAD13A231B7CABA7007BB196 /* String+Card.swift */; };
		DAE045281BFF2CC7008CF017 /* JudoPayView.swift in Sources */ = {isa = PBXBuildFile; fileRef = DAE045271BFF2CC7008CF017 /* JudoPayView.swift */; };
/* End PBXBuildFile section */

/* Begin PBXContainerItemProxy section */
		3B5A600F1CAACF6100E98AC6 /* PBXContainerItemProxy */ = {
			isa = PBXContainerItemProxy;
			containerPortal = DA76A5F41B7B73D30033E553 /* Project object */;
			proxyType = 1;
			remoteGlobalIDString = DA76A5FC1B7B73D30033E553;
			remoteInfo = JudoKit;
		};
/* End PBXContainerItemProxy section */

/* Begin PBXCopyFilesBuildPhase section */
		3B5A602A1CAAD9E700E98AC6 /* CopyFiles */ = {
			isa = PBXCopyFilesBuildPhase;
			buildActionMask = 2147483647;
			dstPath = "";
			dstSubfolderSpec = 10;
			files = (
				3B8D60481CE21ACD00EA7533 /* JudoKit.framework in CopyFiles */,
				705214261E25439700C17BD8 /* DeviceDNA.framework in CopyFiles */,
			);
			runOnlyForDeploymentPostprocessing = 0;
		};
/* End PBXCopyFilesBuildPhase section */

/* Begin PBXFileReference section */
		3B02A0251CAA76A500953312 /* Payment.swift */ = {isa = PBXFileReference; fileEncoding = 4; lastKnownFileType = sourcecode.swift; path = Payment.swift; sourceTree = "<group>"; };
		3B02A0261CAA76A500953312 /* PreAuth.swift */ = {isa = PBXFileReference; fileEncoding = 4; lastKnownFileType = sourcecode.swift; path = PreAuth.swift; sourceTree = "<group>"; };
		3B02A0271CAA76A500953312 /* RegisterCard.swift */ = {isa = PBXFileReference; fileEncoding = 4; lastKnownFileType = sourcecode.swift; path = RegisterCard.swift; sourceTree = "<group>"; };
		3B02A0281CAA76A500953312 /* Refund.swift */ = {isa = PBXFileReference; fileEncoding = 4; lastKnownFileType = sourcecode.swift; path = Refund.swift; sourceTree = "<group>"; };
		3B02A0291CAA76A500953312 /* Collection.swift */ = {isa = PBXFileReference; fileEncoding = 4; lastKnownFileType = sourcecode.swift; path = Collection.swift; sourceTree = "<group>"; };
		3B02A02A1CAA76A500953312 /* VoidTransaction.swift */ = {isa = PBXFileReference; fileEncoding = 4; lastKnownFileType = sourcecode.swift; path = VoidTransaction.swift; sourceTree = "<group>"; };
		3B02A02B1CAA76A500953312 /* Receipt.swift */ = {isa = PBXFileReference; fileEncoding = 4; lastKnownFileType = sourcecode.swift; path = Receipt.swift; sourceTree = "<group>"; };
		3B02A02C1CAA76A500953312 /* Session.swift */ = {isa = PBXFileReference; fileEncoding = 4; lastKnownFileType = sourcecode.swift; path = Session.swift; sourceTree = "<group>"; };
		3B02A02D1CAA76A500953312 /* Transaction.swift */ = {isa = PBXFileReference; fileEncoding = 4; lastKnownFileType = sourcecode.swift; path = Transaction.swift; sourceTree = "<group>"; };
		3B02A02E1CAA76A500953312 /* TransactionProcess.swift */ = {isa = PBXFileReference; fileEncoding = 4; lastKnownFileType = sourcecode.swift; path = TransactionProcess.swift; sourceTree = "<group>"; };
		3B02A0391CAA76B000953312 /* Response.swift */ = {isa = PBXFileReference; fileEncoding = 4; lastKnownFileType = sourcecode.swift; path = Response.swift; sourceTree = "<group>"; };
		3B02A03A1CAA76B000953312 /* Amount.swift */ = {isa = PBXFileReference; fileEncoding = 4; lastKnownFileType = sourcecode.swift; lineEnding = 0; path = Amount.swift; sourceTree = "<group>"; xcLanguageSpecificationIdentifier = xcode.lang.swift; };
		3B02A03B1CAA76B000953312 /* Address.swift */ = {isa = PBXFileReference; fileEncoding = 4; lastKnownFileType = sourcecode.swift; lineEnding = 0; path = Address.swift; sourceTree = "<group>"; xcLanguageSpecificationIdentifier = xcode.lang.swift; };
		3B02A03C1CAA76B000953312 /* Reference.swift */ = {isa = PBXFileReference; fileEncoding = 4; lastKnownFileType = sourcecode.swift; path = Reference.swift; sourceTree = "<group>"; };
		3B02A03D1CAA76B000953312 /* Card.swift */ = {isa = PBXFileReference; fileEncoding = 4; lastKnownFileType = sourcecode.swift; lineEnding = 0; path = Card.swift; sourceTree = "<group>"; xcLanguageSpecificationIdentifier = xcode.lang.swift; };
		3B02A03E1CAA76B000953312 /* JudoErrors.swift */ = {isa = PBXFileReference; fileEncoding = 4; lastKnownFileType = sourcecode.swift; path = JudoErrors.swift; sourceTree = "<group>"; };
		3B02A03F1CAA76B000953312 /* JudoErrorCode.swift */ = {isa = PBXFileReference; fileEncoding = 4; lastKnownFileType = sourcecode.swift; lineEnding = 0; path = JudoErrorCode.swift; sourceTree = "<group>"; xcLanguageSpecificationIdentifier = xcode.lang.swift; };
		3B02A0401CAA76B000953312 /* JudoModelError.swift */ = {isa = PBXFileReference; fileEncoding = 4; lastKnownFileType = sourcecode.swift; path = JudoModelError.swift; sourceTree = "<group>"; };
		3B02A0411CAA76B000953312 /* JudoModelErrorCode.swift */ = {isa = PBXFileReference; fileEncoding = 4; lastKnownFileType = sourcecode.swift; lineEnding = 0; path = JudoModelErrorCode.swift; sourceTree = "<group>"; xcLanguageSpecificationIdentifier = xcode.lang.swift; };
		3B02A0421CAA76B000953312 /* JudoErrorCategory.swift */ = {isa = PBXFileReference; fileEncoding = 4; lastKnownFileType = sourcecode.swift; lineEnding = 0; path = JudoErrorCategory.swift; sourceTree = "<group>"; xcLanguageSpecificationIdentifier = xcode.lang.swift; };
		3B02A04D1CAA76C100953312 /* String+Validation.swift */ = {isa = PBXFileReference; fileEncoding = 4; lastKnownFileType = sourcecode.swift; path = "String+Validation.swift"; sourceTree = "<group>"; };
		3B02A04F1CAA7B0000953312 /* JudoTestCase.swift */ = {isa = PBXFileReference; fileEncoding = 4; lastKnownFileType = sourcecode.swift; path = JudoTestCase.swift; sourceTree = "<group>"; };
		3B02A0501CAA7B0000953312 /* AuthenticationTests.swift */ = {isa = PBXFileReference; fileEncoding = 4; lastKnownFileType = sourcecode.swift; path = AuthenticationTests.swift; sourceTree = "<group>"; };
		3B02A0511CAA7B0000953312 /* TransactionTests.swift */ = {isa = PBXFileReference; fileEncoding = 4; lastKnownFileType = sourcecode.swift; path = TransactionTests.swift; sourceTree = "<group>"; };
		3B02A0521CAA7B0000953312 /* PaymentTests.swift */ = {isa = PBXFileReference; fileEncoding = 4; lastKnownFileType = sourcecode.swift; path = PaymentTests.swift; sourceTree = "<group>"; };
		3B02A0531CAA7B0000953312 /* TokenPaymentTests.swift */ = {isa = PBXFileReference; fileEncoding = 4; lastKnownFileType = sourcecode.swift; path = TokenPaymentTests.swift; sourceTree = "<group>"; };
		3B02A0541CAA7B0000953312 /* PreAuthTests.swift */ = {isa = PBXFileReference; fileEncoding = 4; lastKnownFileType = sourcecode.swift; path = PreAuthTests.swift; sourceTree = "<group>"; };
		3B02A0551CAA7B0000953312 /* TokenPreAuthTests.swift */ = {isa = PBXFileReference; fileEncoding = 4; lastKnownFileType = sourcecode.swift; path = TokenPreAuthTests.swift; sourceTree = "<group>"; };
		3B02A0561CAA7B0000953312 /* RegisterCardTests.swift */ = {isa = PBXFileReference; fileEncoding = 4; lastKnownFileType = sourcecode.swift; path = RegisterCardTests.swift; sourceTree = "<group>"; };
		3B02A0571CAA7B0000953312 /* CollectionTests.swift */ = {isa = PBXFileReference; fileEncoding = 4; lastKnownFileType = sourcecode.swift; path = CollectionTests.swift; sourceTree = "<group>"; };
		3B02A0581CAA7B0000953312 /* RefundTests.swift */ = {isa = PBXFileReference; fileEncoding = 4; lastKnownFileType = sourcecode.swift; path = RefundTests.swift; sourceTree = "<group>"; };
		3B02A0591CAA7B0000953312 /* VoidTransactionTests.swift */ = {isa = PBXFileReference; fileEncoding = 4; lastKnownFileType = sourcecode.swift; path = VoidTransactionTests.swift; sourceTree = "<group>"; };
		3B02A05A1CAA7B0000953312 /* ReceiptTests.swift */ = {isa = PBXFileReference; fileEncoding = 4; lastKnownFileType = sourcecode.swift; path = ReceiptTests.swift; sourceTree = "<group>"; };
		3B02A05B1CAA7B0000953312 /* SessionTests.swift */ = {isa = PBXFileReference; fileEncoding = 4; lastKnownFileType = sourcecode.swift; path = SessionTests.swift; sourceTree = "<group>"; };
		3B02A05C1CAA7B0000953312 /* ListTests.swift */ = {isa = PBXFileReference; fileEncoding = 4; lastKnownFileType = sourcecode.swift; path = ListTests.swift; sourceTree = "<group>"; };
		3B02A05D1CAA7B0000953312 /* JudoTests.swift */ = {isa = PBXFileReference; fileEncoding = 4; lastKnownFileType = sourcecode.swift; path = JudoTests.swift; sourceTree = "<group>"; };
		3B02ED1A1C63BD770045C705 /* Theme.swift */ = {isa = PBXFileReference; fileEncoding = 4; lastKnownFileType = sourcecode.swift; lineEnding = 0; path = Theme.swift; sourceTree = "<group>"; xcLanguageSpecificationIdentifier = xcode.lang.swift; };
		3B286FBB1C3ED7F200094D48 /* CardNetwork+CardLogoType.swift */ = {isa = PBXFileReference; fileEncoding = 4; lastKnownFileType = sourcecode.swift; path = "CardNetwork+CardLogoType.swift"; sourceTree = "<group>"; };
		3B5A5FF81CAA820F00E98AC6 /* JudoKitTests.swift */ = {isa = PBXFileReference; fileEncoding = 4; lastKnownFileType = sourcecode.swift; path = JudoKitTests.swift; sourceTree = "<group>"; };
		3B5A60091CAACF6100E98AC6 /* JudoKitTests.xctest */ = {isa = PBXFileReference; explicitFileType = wrapper.cfbundle; includeInIndex = 0; path = JudoKitTests.xctest; sourceTree = BUILT_PRODUCTS_DIR; };
		3B5A600D1CAACF6100E98AC6 /* Info.plist */ = {isa = PBXFileReference; lastKnownFileType = text.plist.xml; path = Info.plist; sourceTree = "<group>"; };
		3BA69A871CCFC02500F79680 /* ErrorAnimatable.swift */ = {isa = PBXFileReference; fileEncoding = 4; lastKnownFileType = sourcecode.swift; path = ErrorAnimatable.swift; sourceTree = "<group>"; };
		3BC4C0CF1C6204A60010CE14 /* JudoPayView+JudoPayInputDelegate.swift */ = {isa = PBXFileReference; fileEncoding = 4; lastKnownFileType = sourcecode.swift; path = "JudoPayView+JudoPayInputDelegate.swift"; sourceTree = "<group>"; };
		3BFD9A931CD9F72B00B8385D /* DedupTestCase.swift */ = {isa = PBXFileReference; fileEncoding = 4; lastKnownFileType = sourcecode.swift; path = DedupTestCase.swift; sourceTree = "<group>"; };
		7028042D1CE4DC2100150B21 /* CardDetailsSetTests.swift */ = {isa = PBXFileReference; fileEncoding = 4; lastKnownFileType = sourcecode.swift; path = CardDetailsSetTests.swift; sourceTree = "<group>"; };
		705214241E25435E00C17BD8 /* DeviceDNA.framework */ = {isa = PBXFileReference; lastKnownFileType = wrapper.framework; name = DeviceDNA.framework; path = DeviceDNA/Framework/DeviceDNA.framework; sourceTree = "<group>"; };
		7068ABF11D2BC0B600581A5A /* ThemeTests.swift */ = {isa = PBXFileReference; fileEncoding = 4; lastKnownFileType = sourcecode.swift; path = ThemeTests.swift; sourceTree = "<group>"; };
		708E1F881CBFDB4500114057 /* ErrorMessageContentsTests.swift */ = {isa = PBXFileReference; fileEncoding = 4; lastKnownFileType = sourcecode.swift; path = ErrorMessageContentsTests.swift; sourceTree = "<group>"; };
		70ADAAD21CE247E400DC0172 /* JudoTestCaseConfig.swift */ = {isa = PBXFileReference; fileEncoding = 4; lastKnownFileType = sourcecode.swift; path = JudoTestCaseConfig.swift; sourceTree = "<group>"; };
		70F49E271DC353C6003B8D3B /* NSDate+Judo.swift */ = {isa = PBXFileReference; fileEncoding = 4; lastKnownFileType = sourcecode.swift; path = "NSDate+Judo.swift"; sourceTree = "<group>"; };
		BB02FE701EB207FD000B9254 /* UINavigationBar+Judo.swift */ = {isa = PBXFileReference; fileEncoding = 4; lastKnownFileType = sourcecode.swift; path = "UINavigationBar+Judo.swift"; sourceTree = "<group>"; };
		BBDB1F161E961C6A00AD0A95 /* judopay-sandbox.com.cer */ = {isa = PBXFileReference; lastKnownFileType = file; path = "judopay-sandbox.com.cer"; sourceTree = "<group>"; };
		BBDB1F171E961C6A00AD0A95 /* gw1.judopay.com.cer */ = {isa = PBXFileReference; lastKnownFileType = file; path = gw1.judopay.com.cer; sourceTree = "<group>"; };
		DA0C19B81B986B5400CD2613 /* CardLogoView.swift */ = {isa = PBXFileReference; fileEncoding = 4; lastKnownFileType = sourcecode.swift; lineEnding = 0; path = CardLogoView.swift; sourceTree = "<group>"; xcLanguageSpecificationIdentifier = xcode.lang.swift; };
		DA3902341B95B5DF001A703C /* JudoPayViewController.swift */ = {isa = PBXFileReference; fileEncoding = 4; lastKnownFileType = sourcecode.swift; lineEnding = 0; path = JudoPayViewController.swift; sourceTree = "<group>"; xcLanguageSpecificationIdentifier = xcode.lang.swift; };
		DA3902361B95DC62001A703C /* DateInputField.swift */ = {isa = PBXFileReference; fileEncoding = 4; lastKnownFileType = sourcecode.swift; lineEnding = 0; path = DateInputField.swift; sourceTree = "<group>"; xcLanguageSpecificationIdentifier = xcode.lang.swift; };
		DA39023D1B96092B001A703C /* SecurityInputField.swift */ = {isa = PBXFileReference; fileEncoding = 4; lastKnownFileType = sourcecode.swift; lineEnding = 0; path = SecurityInputField.swift; sourceTree = "<group>"; xcLanguageSpecificationIdentifier = xcode.lang.swift; };
		DA3902451B983959001A703C /* JudoPayInputField.swift */ = {isa = PBXFileReference; fileEncoding = 4; lastKnownFileType = sourcecode.swift; lineEnding = 0; path = JudoPayInputField.swift; sourceTree = "<group>"; xcLanguageSpecificationIdentifier = xcode.lang.swift; };
		DA53A27E1BDE430B000C0A99 /* NSTimer+Blocks.swift */ = {isa = PBXFileReference; fileEncoding = 4; lastKnownFileType = sourcecode.swift; path = "NSTimer+Blocks.swift"; sourceTree = "<group>"; };
		DA7418BC1B9DF61900C4D323 /* LoadingView.swift */ = {isa = PBXFileReference; fileEncoding = 4; lastKnownFileType = sourcecode.swift; lineEnding = 0; path = LoadingView.swift; sourceTree = "<group>"; xcLanguageSpecificationIdentifier = xcode.lang.swift; };
		DA7418BE1B9EF8F000C4D323 /* UIColor+Judo.swift */ = {isa = PBXFileReference; fileEncoding = 4; lastKnownFileType = sourcecode.swift; lineEnding = 0; path = "UIColor+Judo.swift"; sourceTree = "<group>"; xcLanguageSpecificationIdentifier = xcode.lang.swift; };
		DA7418C31BA039FF00C4D323 /* PostCodeInputField.swift */ = {isa = PBXFileReference; fileEncoding = 4; lastKnownFileType = sourcecode.swift; lineEnding = 0; path = PostCodeInputField.swift; sourceTree = "<group>"; xcLanguageSpecificationIdentifier = xcode.lang.swift; };
		DA7418C51BA0448D00C4D323 /* BillingCountryInputField.swift */ = {isa = PBXFileReference; fileEncoding = 4; lastKnownFileType = sourcecode.swift; lineEnding = 0; path = BillingCountryInputField.swift; sourceTree = "<group>"; xcLanguageSpecificationIdentifier = xcode.lang.swift; };
		DA7418C71BA0538E00C4D323 /* IssueNumberInputField.swift */ = {isa = PBXFileReference; fileEncoding = 4; lastKnownFileType = sourcecode.swift; lineEnding = 0; path = IssueNumberInputField.swift; sourceTree = "<group>"; xcLanguageSpecificationIdentifier = xcode.lang.swift; };
		DA76A5FD1B7B73D30033E553 /* JudoKit.framework */ = {isa = PBXFileReference; explicitFileType = wrapper.framework; includeInIndex = 0; path = JudoKit.framework; sourceTree = BUILT_PRODUCTS_DIR; };
		DA76A6001B7B73D30033E553 /* JudoKit.h */ = {isa = PBXFileReference; lastKnownFileType = sourcecode.c.h; lineEnding = 0; path = JudoKit.h; sourceTree = "<group>"; xcLanguageSpecificationIdentifier = xcode.lang.objcpp; };
		DA76A6021B7B73D30033E553 /* Info.plist */ = {isa = PBXFileReference; lastKnownFileType = text.plist.xml; path = Info.plist; sourceTree = "<group>"; };
		DA99F4C61C0F562B001EADC6 /* JudoInputType.swift */ = {isa = PBXFileReference; fileEncoding = 4; lastKnownFileType = sourcecode.swift; lineEnding = 0; path = JudoInputType.swift; sourceTree = "<group>"; xcLanguageSpecificationIdentifier = xcode.lang.swift; };
		DA99F4CA1C0F56CD001EADC6 /* JudoPayInputDelegate.swift */ = {isa = PBXFileReference; fileEncoding = 4; lastKnownFileType = sourcecode.swift; lineEnding = 0; path = JudoPayInputDelegate.swift; sourceTree = "<group>"; xcLanguageSpecificationIdentifier = xcode.lang.swift; };
		DAB051371BD797CA00888E06 /* FloatingTextField.swift */ = {isa = PBXFileReference; fileEncoding = 4; lastKnownFileType = sourcecode.swift; lineEnding = 0; path = FloatingTextField.swift; sourceTree = "<group>"; xcLanguageSpecificationIdentifier = xcode.lang.swift; };
		DAB261AC1B7B7A0B005024FF /* JudoKit.swift */ = {isa = PBXFileReference; fileEncoding = 4; lastKnownFileType = sourcecode.swift; lineEnding = 0; path = JudoKit.swift; sourceTree = "<group>"; xcLanguageSpecificationIdentifier = xcode.lang.swift; };
		DAC0A3D41BB14A8000EA689D /* 3DSWebView.swift */ = {isa = PBXFileReference; fileEncoding = 4; lastKnownFileType = sourcecode.swift; lineEnding = 0; path = 3DSWebView.swift; sourceTree = "<group>"; xcLanguageSpecificationIdentifier = xcode.lang.swift; };
		DAC0A3DE1BB1845C00EA689D /* PayButton.swift */ = {isa = PBXFileReference; fileEncoding = 4; lastKnownFileType = sourcecode.swift; lineEnding = 0; path = PayButton.swift; sourceTree = "<group>"; xcLanguageSpecificationIdentifier = xcode.lang.swift; };
		DAD13A211B7C9E76007BB196 /* CardInputField.swift */ = {isa = PBXFileReference; fileEncoding = 4; lastKnownFileType = sourcecode.swift; lineEnding = 0; path = CardInputField.swift; sourceTree = "<group>"; xcLanguageSpecificationIdentifier = xcode.lang.swift; };
		DAD13A231B7CABA7007BB196 /* String+Card.swift */ = {isa = PBXFileReference; fileEncoding = 4; indentWidth = 4; lastKnownFileType = sourcecode.swift; lineEnding = 0; path = "String+Card.swift"; sourceTree = "<group>"; xcLanguageSpecificationIdentifier = xcode.lang.swift; };
		DAE045271BFF2CC7008CF017 /* JudoPayView.swift */ = {isa = PBXFileReference; fileEncoding = 4; lastKnownFileType = sourcecode.swift; lineEnding = 0; path = JudoPayView.swift; sourceTree = "<group>"; xcLanguageSpecificationIdentifier = xcode.lang.swift; };
/* End PBXFileReference section */

/* Begin PBXFrameworksBuildPhase section */
		3B5A60061CAACF6100E98AC6 /* Frameworks */ = {
			isa = PBXFrameworksBuildPhase;
			buildActionMask = 2147483647;
			files = (
				3B5A600E1CAACF6100E98AC6 /* JudoKit.framework in Frameworks */,
				705214271E2543A000C17BD8 /* DeviceDNA.framework in Frameworks */,
			);
			runOnlyForDeploymentPostprocessing = 0;
		};
		DA76A5F91B7B73D30033E553 /* Frameworks */ = {
			isa = PBXFrameworksBuildPhase;
			buildActionMask = 2147483647;
			files = (
				705214251E25435E00C17BD8 /* DeviceDNA.framework in Frameworks */,
			);
			runOnlyForDeploymentPostprocessing = 0;
		};
/* End PBXFrameworksBuildPhase section */

/* Begin PBXGroup section */
		3B02A0231CAA769500953312 /* API */ = {
			isa = PBXGroup;
			children = (
				3B02A0291CAA76A500953312 /* Collection.swift */,
				3B02A0251CAA76A500953312 /* Payment.swift */,
				3B02A0261CAA76A500953312 /* PreAuth.swift */,
				3B02A02B1CAA76A500953312 /* Receipt.swift */,
				3B02A0281CAA76A500953312 /* Refund.swift */,
				3B02A0271CAA76A500953312 /* RegisterCard.swift */,
				3B02A02C1CAA76A500953312 /* Session.swift */,
				3B02A02D1CAA76A500953312 /* Transaction.swift */,
				3B02A02E1CAA76A500953312 /* TransactionProcess.swift */,
				3B02A02A1CAA76A500953312 /* VoidTransaction.swift */,
			);
			name = API;
			sourceTree = "<group>";
		};
		3B02A0241CAA769900953312 /* Model */ = {
			isa = PBXGroup;
			children = (
				3B02A03B1CAA76B000953312 /* Address.swift */,
				3B02A03A1CAA76B000953312 /* Amount.swift */,
				3B02A03D1CAA76B000953312 /* Card.swift */,
				3B02A0421CAA76B000953312 /* JudoErrorCategory.swift */,
				3B02A03F1CAA76B000953312 /* JudoErrorCode.swift */,
				3B02A03E1CAA76B000953312 /* JudoErrors.swift */,
				3B02A0401CAA76B000953312 /* JudoModelError.swift */,
				3B02A0411CAA76B000953312 /* JudoModelErrorCode.swift */,
				3B02A03C1CAA76B000953312 /* Reference.swift */,
				3B02A0391CAA76B000953312 /* Response.swift */,
			);
			name = Model;
			sourceTree = "<group>";
		};
		3B02ED171C63BD6B0045C705 /* Theme */ = {
			isa = PBXGroup;
			children = (
				3B02ED1A1C63BD770045C705 /* Theme.swift */,
			);
			name = Theme;
			sourceTree = "<group>";
		};
		3B5A600A1CAACF6100E98AC6 /* Tests */ = {
			isa = PBXGroup;
			children = (
				3B02A0501CAA7B0000953312 /* AuthenticationTests.swift */,
				3B02A0571CAA7B0000953312 /* CollectionTests.swift */,
				3BFD9A931CD9F72B00B8385D /* DedupTestCase.swift */,
				708E1F881CBFDB4500114057 /* ErrorMessageContentsTests.swift */,
				3B5A5FF81CAA820F00E98AC6 /* JudoKitTests.swift */,
				3B02A04F1CAA7B0000953312 /* JudoTestCase.swift */,
				3B02A05D1CAA7B0000953312 /* JudoTests.swift */,
				3B02A05C1CAA7B0000953312 /* ListTests.swift */,
				3B02A0521CAA7B0000953312 /* PaymentTests.swift */,
				3B02A0541CAA7B0000953312 /* PreAuthTests.swift */,
				3B02A05A1CAA7B0000953312 /* ReceiptTests.swift */,
				3B02A0581CAA7B0000953312 /* RefundTests.swift */,
				3B02A0561CAA7B0000953312 /* RegisterCardTests.swift */,
				3B02A05B1CAA7B0000953312 /* SessionTests.swift */,
				3B02A0531CAA7B0000953312 /* TokenPaymentTests.swift */,
				3B02A0551CAA7B0000953312 /* TokenPreAuthTests.swift */,
				3B02A0511CAA7B0000953312 /* TransactionTests.swift */,
				3B02A0591CAA7B0000953312 /* VoidTransactionTests.swift */,
				3B5A600D1CAACF6100E98AC6 /* Info.plist */,
				70ADAAD21CE247E400DC0172 /* JudoTestCaseConfig.swift */,
				7028042D1CE4DC2100150B21 /* CardDetailsSetTests.swift */,
				7068ABF11D2BC0B600581A5A /* ThemeTests.swift */,
			);
			path = Tests;
			sourceTree = "<group>";
		};
		705214231E25435100C17BD8 /* DeviceDNA */ = {
			isa = PBXGroup;
			children = (
				705214241E25435E00C17BD8 /* DeviceDNA.framework */,
			);
			name = DeviceDNA;
			sourceTree = "<group>";
		};
		BBDB1F151E961C5200AD0A95 /* Certs */ = {
			isa = PBXGroup;
			children = (
				BBDB1F161E961C6A00AD0A95 /* judopay-sandbox.com.cer */,
				BBDB1F171E961C6A00AD0A95 /* gw1.judopay.com.cer */,
			);
			name = Certs;
			sourceTree = "<group>";
		};
		DA0C19BC1B986B5800CD2613 /* CardLogos */ = {
			isa = PBXGroup;
			children = (
				DA0C19B81B986B5400CD2613 /* CardLogoView.swift */,
			);
			name = CardLogos;
			sourceTree = "<group>";
		};
		DA3902311B95B587001A703C /* Boxed */ = {
			isa = PBXGroup;
			children = (
				DAC0A3DD1BB1844800EA689D /* Controller */,
				DAC0A3DA1BB1843800EA689D /* View */,
			);
			name = Boxed;
			sourceTree = "<group>";
		};
		DA39023C1B960918001A703C /* TextFields */ = {
			isa = PBXGroup;
			children = (
				DA3902451B983959001A703C /* JudoPayInputField.swift */,
				DAD13A211B7C9E76007BB196 /* CardInputField.swift */,
				DA3902361B95DC62001A703C /* DateInputField.swift */,
				DA39023D1B96092B001A703C /* SecurityInputField.swift */,
				DA7418C51BA0448D00C4D323 /* BillingCountryInputField.swift */,
				DA7418C31BA039FF00C4D323 /* PostCodeInputField.swift */,
				DA7418C71BA0538E00C4D323 /* IssueNumberInputField.swift */,
				DAB051371BD797CA00888E06 /* FloatingTextField.swift */,
				DA99F4CA1C0F56CD001EADC6 /* JudoPayInputDelegate.swift */,
				DA99F4C61C0F562B001EADC6 /* JudoInputType.swift */,
				3BA69A871CCFC02500F79680 /* ErrorAnimatable.swift */,
			);
			name = TextFields;
			sourceTree = "<group>";
		};
		DA7418BB1B9DD29F00C4D323 /* Extensions */ = {
			isa = PBXGroup;
			children = (
				3B286FBB1C3ED7F200094D48 /* CardNetwork+CardLogoType.swift */,
				DA53A27E1BDE430B000C0A99 /* NSTimer+Blocks.swift */,
				DAD13A231B7CABA7007BB196 /* String+Card.swift */,
				3B02A04D1CAA76C100953312 /* String+Validation.swift */,
				DA7418BE1B9EF8F000C4D323 /* UIColor+Judo.swift */,
				70F49E271DC353C6003B8D3B /* NSDate+Judo.swift */,
				BB02FE701EB207FD000B9254 /* UINavigationBar+Judo.swift */,
			);
			name = Extensions;
			sourceTree = "<group>";
		};
		DA76A5F31B7B73D30033E553 = {
			isa = PBXGroup;
			children = (
				705214231E25435100C17BD8 /* DeviceDNA */,
				DA76A5FF1B7B73D30033E553 /* Source */,
				3B5A600A1CAACF6100E98AC6 /* Tests */,
				DA76A5FE1B7B73D30033E553 /* Products */,
			);
			sourceTree = "<group>";
		};
		DA76A5FE1B7B73D30033E553 /* Products */ = {
			isa = PBXGroup;
			children = (
				DA76A5FD1B7B73D30033E553 /* JudoKit.framework */,
				3B5A60091CAACF6100E98AC6 /* JudoKitTests.xctest */,
			);
			name = Products;
			sourceTree = "<group>";
		};
		DA76A5FF1B7B73D30033E553 /* Source */ = {
			isa = PBXGroup;
			children = (
				BBDB1F151E961C5200AD0A95 /* Certs */,
				3B02A0231CAA769500953312 /* API */,
				3B02A0241CAA769900953312 /* Model */,
				3B02ED171C63BD6B0045C705 /* Theme */,
				DA0C19BC1B986B5800CD2613 /* CardLogos */,
				DA3902311B95B587001A703C /* Boxed */,
				DA7418BB1B9DD29F00C4D323 /* Extensions */,
				DA39023C1B960918001A703C /* TextFields */,
				DA76A6001B7B73D30033E553 /* JudoKit.h */,
				DA76A6021B7B73D30033E553 /* Info.plist */,
				DAB261AC1B7B7A0B005024FF /* JudoKit.swift */,
			);
			path = Source;
			sourceTree = "<group>";
		};
		DAC0A3DA1BB1843800EA689D /* View */ = {
			isa = PBXGroup;
			children = (
				DAC0A3D41BB14A8000EA689D /* 3DSWebView.swift */,
				DAE045271BFF2CC7008CF017 /* JudoPayView.swift */,
				3BC4C0CF1C6204A60010CE14 /* JudoPayView+JudoPayInputDelegate.swift */,
				DA7418BC1B9DF61900C4D323 /* LoadingView.swift */,
				DAC0A3DE1BB1845C00EA689D /* PayButton.swift */,
			);
			name = View;
			sourceTree = "<group>";
		};
		DAC0A3DD1BB1844800EA689D /* Controller */ = {
			isa = PBXGroup;
			children = (
				DA3902341B95B5DF001A703C /* JudoPayViewController.swift */,
			);
			name = Controller;
			sourceTree = "<group>";
		};
/* End PBXGroup section */

/* Begin PBXHeadersBuildPhase section */
		DA76A5FA1B7B73D30033E553 /* Headers */ = {
			isa = PBXHeadersBuildPhase;
			buildActionMask = 2147483647;
			files = (
				DA76A6011B7B73D30033E553 /* JudoKit.h in Headers */,
			);
			runOnlyForDeploymentPostprocessing = 0;
		};
/* End PBXHeadersBuildPhase section */

/* Begin PBXNativeTarget section */
		3B5A60081CAACF6100E98AC6 /* JudoKitTests */ = {
			isa = PBXNativeTarget;
			buildConfigurationList = 3B5A60111CAACF6100E98AC6 /* Build configuration list for PBXNativeTarget "JudoKitTests" */;
			buildPhases = (
				3B5A60281CAAD40200E98AC6 /* ShellScript */,
				3B5A60051CAACF6100E98AC6 /* Sources */,
				3B5A60061CAACF6100E98AC6 /* Frameworks */,
				3B5A60071CAACF6100E98AC6 /* Resources */,
				3B5A602A1CAAD9E700E98AC6 /* CopyFiles */,
			);
			buildRules = (
			);
			dependencies = (
				3B5A60101CAACF6100E98AC6 /* PBXTargetDependency */,
			);
			name = JudoKitTests;
			productName = JudoKitTests;
			productReference = 3B5A60091CAACF6100E98AC6 /* JudoKitTests.xctest */;
			productType = "com.apple.product-type.bundle.unit-test";
		};
		DA76A5FC1B7B73D30033E553 /* JudoKit */ = {
			isa = PBXNativeTarget;
			buildConfigurationList = DA76A6111B7B73D30033E553 /* Build configuration list for PBXNativeTarget "JudoKit" */;
			buildPhases = (
				3B125B9F1C5FCEF40086BB18 /* ShellScript */,
				DA76A5F81B7B73D30033E553 /* Sources */,
				DA76A5F91B7B73D30033E553 /* Frameworks */,
				DA76A5FA1B7B73D30033E553 /* Headers */,
				DA76A5FB1B7B73D30033E553 /* Resources */,
			);
			buildRules = (
			);
			dependencies = (
			);
			name = JudoKit;
			productName = JudoKit;
			productReference = DA76A5FD1B7B73D30033E553 /* JudoKit.framework */;
			productType = "com.apple.product-type.framework";
		};
/* End PBXNativeTarget section */

/* Begin PBXProject section */
		DA76A5F41B7B73D30033E553 /* Project object */ = {
			isa = PBXProject;
			attributes = {
				LastSwiftUpdateCheck = 0730;
				LastUpgradeCheck = 0800;
				ORGANIZATIONNAME = "Judo Payments";
				TargetAttributes = {
					3B5A60081CAACF6100E98AC6 = {
						CreatedOnToolsVersion = 7.3;
						LastSwiftMigration = 0800;
					};
					DA76A5FC1B7B73D30033E553 = {
						CreatedOnToolsVersion = 7.0;
						LastSwiftMigration = 0800;
					};
				};
			};
			buildConfigurationList = DA76A5F71B7B73D30033E553 /* Build configuration list for PBXProject "JudoKit" */;
			compatibilityVersion = "Xcode 3.2";
			developmentRegion = English;
			hasScannedForEncodings = 0;
			knownRegions = (
				en,
			);
			mainGroup = DA76A5F31B7B73D30033E553;
			productRefGroup = DA76A5FE1B7B73D30033E553 /* Products */;
			projectDirPath = "";
			projectRoot = "";
			targets = (
				DA76A5FC1B7B73D30033E553 /* JudoKit */,
				3B5A60081CAACF6100E98AC6 /* JudoKitTests */,
			);
		};
/* End PBXProject section */

/* Begin PBXResourcesBuildPhase section */
		3B5A60071CAACF6100E98AC6 /* Resources */ = {
			isa = PBXResourcesBuildPhase;
			buildActionMask = 2147483647;
			files = (
				BBDB1F191E961C6A00AD0A95 /* judopay-sandbox.com.cer in Resources */,
				BBDB1F1B1E961C6A00AD0A95 /* gw1.judopay.com.cer in Resources */,
			);
			runOnlyForDeploymentPostprocessing = 0;
		};
		DA76A5FB1B7B73D30033E553 /* Resources */ = {
			isa = PBXResourcesBuildPhase;
			buildActionMask = 2147483647;
			files = (
				BBDB1F181E961C6A00AD0A95 /* judopay-sandbox.com.cer in Resources */,
				BBDB1F1A1E961C6A00AD0A95 /* gw1.judopay.com.cer in Resources */,
			);
			runOnlyForDeploymentPostprocessing = 0;
		};
/* End PBXResourcesBuildPhase section */

/* Begin PBXShellScriptBuildPhase section */
		3B125B9F1C5FCEF40086BB18 /* ShellScript */ = {
			isa = PBXShellScriptBuildPhase;
			buildActionMask = 2147483647;
			files = (
			);
			inputPaths = (
			);
			outputPaths = (
			);
			runOnlyForDeploymentPostprocessing = 0;
			shellPath = /bin/sh;
			shellScript = "sh \"${SRCROOT}/DeviceDNA/Framework/strip-frameworks.sh\"";
		};
		3B5A60281CAAD40200E98AC6 /* ShellScript */ = {
			isa = PBXShellScriptBuildPhase;
			buildActionMask = 2147483647;
			files = (
			);
			inputPaths = (
			);
			outputPaths = (
			);
			runOnlyForDeploymentPostprocessing = 0;
			shellPath = /bin/sh;
			shellScript = "sh \"${SRCROOT}/DeviceDNA/Framework/strip-frameworks.sh\"";
		};
/* End PBXShellScriptBuildPhase section */

/* Begin PBXSourcesBuildPhase section */
		3B5A60051CAACF6100E98AC6 /* Sources */ = {
			isa = PBXSourcesBuildPhase;
			buildActionMask = 2147483647;
			files = (
				7068ABF31D2BC19300581A5A /* ThemeTests.swift in Sources */,
				70ADAAD41CE247EC00DC0172 /* JudoTestCaseConfig.swift in Sources */,
				3B5A601F1CAACFFE00E98AC6 /* ReceiptTests.swift in Sources */,
				3B5A60141CAACFFE00E98AC6 /* JudoTestCase.swift in Sources */,
				3B5A60201CAACFFE00E98AC6 /* SessionTests.swift in Sources */,
				3B5A601C1CAACFFE00E98AC6 /* CollectionTests.swift in Sources */,
				3B5A60161CAACFFE00E98AC6 /* TransactionTests.swift in Sources */,
				3B5A601E1CAACFFE00E98AC6 /* VoidTransactionTests.swift in Sources */,
				3B5A60181CAACFFE00E98AC6 /* TokenPaymentTests.swift in Sources */,
				3B5A60221CAACFFE00E98AC6 /* JudoTests.swift in Sources */,
				3B5A60171CAACFFE00E98AC6 /* PaymentTests.swift in Sources */,
				3B5A601D1CAACFFE00E98AC6 /* RefundTests.swift in Sources */,
				708E1F891CBFDB4500114057 /* ErrorMessageContentsTests.swift in Sources */,
				3B5A60231CAACFFE00E98AC6 /* JudoKitTests.swift in Sources */,
				3BFD9A951CD9F74E00B8385D /* DedupTestCase.swift in Sources */,
				3B5A601B1CAACFFE00E98AC6 /* RegisterCardTests.swift in Sources */,
				3B5A60151CAACFFE00E98AC6 /* AuthenticationTests.swift in Sources */,
				3B5A60191CAACFFE00E98AC6 /* PreAuthTests.swift in Sources */,
				3B5A60211CAACFFE00E98AC6 /* ListTests.swift in Sources */,
				3B5A60261CAAD34D00E98AC6 /* TokenPreAuthTests.swift in Sources */,
				7028042E1CE4DC2100150B21 /* CardDetailsSetTests.swift in Sources */,
			);
			runOnlyForDeploymentPostprocessing = 0;
		};
		DA76A5F81B7B73D30033E553 /* Sources */ = {
			isa = PBXSourcesBuildPhase;
			buildActionMask = 2147483647;
			files = (
				DAD13A221B7C9E76007BB196 /* CardInputField.swift in Sources */,
				3B02A0491CAA76B000953312 /* JudoErrorCode.swift in Sources */,
				DA3902371B95DC62001A703C /* DateInputField.swift in Sources */,
				3B02A04E1CAA76C100953312 /* String+Validation.swift in Sources */,
				3B02A0441CAA76B000953312 /* Amount.swift in Sources */,
				3BA69A881CCFC02500F79680 /* ErrorAnimatable.swift in Sources */,
				3B02A0481CAA76B000953312 /* JudoErrors.swift in Sources */,
				70F49E281DC353C6003B8D3B /* NSDate+Judo.swift in Sources */,
				DA53A27F1BDE430B000C0A99 /* NSTimer+Blocks.swift in Sources */,
				DA3902461B983959001A703C /* JudoPayInputField.swift in Sources */,
				3B02A04C1CAA76B000953312 /* JudoErrorCategory.swift in Sources */,
				3B02A0431CAA76B000953312 /* Response.swift in Sources */,
				DA39023E1B96092B001A703C /* SecurityInputField.swift in Sources */,
				3B02A04A1CAA76B000953312 /* JudoModelError.swift in Sources */,
				3B02A0341CAA76A500953312 /* VoidTransaction.swift in Sources */,
				DA0C19B91B986B5400CD2613 /* CardLogoView.swift in Sources */,
				3B02A0331CAA76A500953312 /* Collection.swift in Sources */,
				DAD13A241B7CABA7007BB196 /* String+Card.swift in Sources */,
				DA7418C41BA039FF00C4D323 /* PostCodeInputField.swift in Sources */,
				3B02A0451CAA76B000953312 /* Address.swift in Sources */,
				3BC4C0D01C6204A60010CE14 /* JudoPayView+JudoPayInputDelegate.swift in Sources */,
				3B02A0371CAA76A500953312 /* Transaction.swift in Sources */,
				DA3902351B95B5DF001A703C /* JudoPayViewController.swift in Sources */,
				3B02A0381CAA76A500953312 /* TransactionProcess.swift in Sources */,
				3B02ED1B1C63BD770045C705 /* Theme.swift in Sources */,
				DAC0A3D51BB14A8000EA689D /* 3DSWebView.swift in Sources */,
				3B02A04B1CAA76B000953312 /* JudoModelErrorCode.swift in Sources */,
				3B286FBC1C3ED7F200094D48 /* CardNetwork+CardLogoType.swift in Sources */,
				3B02A0361CAA76A500953312 /* Session.swift in Sources */,
				3B02A0351CAA76A500953312 /* Receipt.swift in Sources */,
				3B02A0461CAA76B000953312 /* Reference.swift in Sources */,
				DAB261AD1B7B7A0B005024FF /* JudoKit.swift in Sources */,
				3B02A0301CAA76A500953312 /* PreAuth.swift in Sources */,
				3B02A0471CAA76B000953312 /* Card.swift in Sources */,
				DA7418BD1B9DF61900C4D323 /* LoadingView.swift in Sources */,
				BB02FE711EB207FD000B9254 /* UINavigationBar+Judo.swift in Sources */,
				DAC0A3DF1BB1845C00EA689D /* PayButton.swift in Sources */,
				DA99F4C71C0F562B001EADC6 /* JudoInputType.swift in Sources */,
				DA7418C81BA0538E00C4D323 /* IssueNumberInputField.swift in Sources */,
				DA7418C61BA0448D00C4D323 /* BillingCountryInputField.swift in Sources */,
				3B02A0311CAA76A500953312 /* RegisterCard.swift in Sources */,
				DA99F4CB1C0F56CD001EADC6 /* JudoPayInputDelegate.swift in Sources */,
				DAE045281BFF2CC7008CF017 /* JudoPayView.swift in Sources */,
				DA7418BF1B9EF8F000C4D323 /* UIColor+Judo.swift in Sources */,
				3B02A0321CAA76A500953312 /* Refund.swift in Sources */,
				3B02A02F1CAA76A500953312 /* Payment.swift in Sources */,
				DAB051381BD797CA00888E06 /* FloatingTextField.swift in Sources */,
			);
			runOnlyForDeploymentPostprocessing = 0;
		};
/* End PBXSourcesBuildPhase section */

/* Begin PBXTargetDependency section */
		3B5A60101CAACF6100E98AC6 /* PBXTargetDependency */ = {
			isa = PBXTargetDependency;
			target = DA76A5FC1B7B73D30033E553 /* JudoKit */;
			targetProxy = 3B5A600F1CAACF6100E98AC6 /* PBXContainerItemProxy */;
		};
/* End PBXTargetDependency section */

/* Begin XCBuildConfiguration section */
		3B5A60121CAACF6100E98AC6 /* Debug */ = {
			isa = XCBuildConfiguration;
			buildSettings = {
				CLANG_ANALYZER_NONNULL = YES;
				FRAMEWORK_SEARCH_PATHS = (
					"$(inherited)",
					"$(PROJECT_DIR)/DeviceDNA/Framework",
				);
				INFOPLIST_FILE = Tests/Info.plist;
				IPHONEOS_DEPLOYMENT_TARGET = 9.3;
				PRODUCT_BUNDLE_IDENTIFIER = com.judo.JudoKitTests;
				PRODUCT_NAME = "$(TARGET_NAME)";
				SWIFT_VERSION = 3.0;
			};
			name = Debug;
		};
		3B5A60131CAACF6100E98AC6 /* Release */ = {
			isa = XCBuildConfiguration;
			buildSettings = {
				CLANG_ANALYZER_NONNULL = YES;
				FRAMEWORK_SEARCH_PATHS = (
					"$(inherited)",
					"$(PROJECT_DIR)/DeviceDNA/Framework",
				);
				INFOPLIST_FILE = Tests/Info.plist;
				IPHONEOS_DEPLOYMENT_TARGET = 9.3;
				PRODUCT_BUNDLE_IDENTIFIER = com.judo.JudoKitTests;
				PRODUCT_NAME = "$(TARGET_NAME)";
				SWIFT_VERSION = 3.0;
			};
			name = Release;
		};
		DA76A60F1B7B73D30033E553 /* Debug */ = {
			isa = XCBuildConfiguration;
			buildSettings = {
				ALWAYS_SEARCH_USER_PATHS = NO;
				CLANG_CXX_LANGUAGE_STANDARD = "gnu++0x";
				CLANG_CXX_LIBRARY = "libc++";
				CLANG_ENABLE_MODULES = YES;
				CLANG_ENABLE_OBJC_ARC = YES;
				CLANG_WARN_BOOL_CONVERSION = YES;
				CLANG_WARN_CONSTANT_CONVERSION = YES;
				CLANG_WARN_DIRECT_OBJC_ISA_USAGE = YES_ERROR;
				CLANG_WARN_EMPTY_BODY = YES;
				CLANG_WARN_ENUM_CONVERSION = YES;
				CLANG_WARN_INFINITE_RECURSION = YES;
				CLANG_WARN_INT_CONVERSION = YES;
				CLANG_WARN_OBJC_ROOT_CLASS = YES_ERROR;
				CLANG_WARN_SUSPICIOUS_MOVE = YES;
				CLANG_WARN_UNREACHABLE_CODE = YES;
				CLANG_WARN__DUPLICATE_METHOD_MATCH = YES;
				CODE_SIGN_IDENTITY = "iPhone Developer";
				"CODE_SIGN_IDENTITY[sdk=iphoneos*]" = "iPhone Developer";
				COPY_PHASE_STRIP = NO;
				CURRENT_PROJECT_VERSION = 1;
				DEBUG_INFORMATION_FORMAT = dwarf;
				ENABLE_STRICT_OBJC_MSGSEND = YES;
				ENABLE_TESTABILITY = YES;
				FRAMEWORK_SEARCH_PATHS = "$(PROJECT_DIR)/DeviceDNA/Framework";
				GCC_C_LANGUAGE_STANDARD = gnu99;
				GCC_DYNAMIC_NO_PIC = NO;
				GCC_NO_COMMON_BLOCKS = YES;
				GCC_OPTIMIZATION_LEVEL = 0;
				GCC_PREPROCESSOR_DEFINITIONS = (
					"DEBUG=1",
					"$(inherited)",
				);
				GCC_WARN_64_TO_32_BIT_CONVERSION = YES;
				GCC_WARN_ABOUT_RETURN_TYPE = YES_ERROR;
				GCC_WARN_UNDECLARED_SELECTOR = YES;
				GCC_WARN_UNINITIALIZED_AUTOS = YES_AGGRESSIVE;
				GCC_WARN_UNUSED_FUNCTION = YES;
				GCC_WARN_UNUSED_VARIABLE = YES;
				IPHONEOS_DEPLOYMENT_TARGET = 8.0;
				LD_RUNPATH_SEARCH_PATHS = "@loader_path/Frameworks @executable_path/Frameworks";
				MTL_ENABLE_DEBUG_INFO = YES;
				ONLY_ACTIVE_ARCH = YES;
				SDKROOT = iphoneos;
				SWIFT_OPTIMIZATION_LEVEL = "-Onone";
				TARGETED_DEVICE_FAMILY = "1,2";
				VERSIONING_SYSTEM = "apple-generic";
				VERSION_INFO_PREFIX = "";
			};
			name = Debug;
		};
		DA76A6101B7B73D30033E553 /* Release */ = {
			isa = XCBuildConfiguration;
			buildSettings = {
				ALWAYS_SEARCH_USER_PATHS = NO;
				CLANG_CXX_LANGUAGE_STANDARD = "gnu++0x";
				CLANG_CXX_LIBRARY = "libc++";
				CLANG_ENABLE_MODULES = YES;
				CLANG_ENABLE_OBJC_ARC = YES;
				CLANG_WARN_BOOL_CONVERSION = YES;
				CLANG_WARN_CONSTANT_CONVERSION = YES;
				CLANG_WARN_DIRECT_OBJC_ISA_USAGE = YES_ERROR;
				CLANG_WARN_EMPTY_BODY = YES;
				CLANG_WARN_ENUM_CONVERSION = YES;
				CLANG_WARN_INFINITE_RECURSION = YES;
				CLANG_WARN_INT_CONVERSION = YES;
				CLANG_WARN_OBJC_ROOT_CLASS = YES_ERROR;
				CLANG_WARN_SUSPICIOUS_MOVE = YES;
				CLANG_WARN_UNREACHABLE_CODE = YES;
				CLANG_WARN__DUPLICATE_METHOD_MATCH = YES;
				CODE_SIGN_IDENTITY = "iPhone Developer";
				"CODE_SIGN_IDENTITY[sdk=iphoneos*]" = "iPhone Developer";
				COPY_PHASE_STRIP = NO;
				CURRENT_PROJECT_VERSION = 1;
				DEBUG_INFORMATION_FORMAT = "dwarf-with-dsym";
				ENABLE_NS_ASSERTIONS = NO;
				ENABLE_STRICT_OBJC_MSGSEND = YES;
				FRAMEWORK_SEARCH_PATHS = "$(PROJECT_DIR)/DeviceDNA/Framework";
				GCC_C_LANGUAGE_STANDARD = gnu99;
				GCC_NO_COMMON_BLOCKS = YES;
				GCC_WARN_64_TO_32_BIT_CONVERSION = YES;
				GCC_WARN_ABOUT_RETURN_TYPE = YES_ERROR;
				GCC_WARN_UNDECLARED_SELECTOR = YES;
				GCC_WARN_UNINITIALIZED_AUTOS = YES_AGGRESSIVE;
				GCC_WARN_UNUSED_FUNCTION = YES;
				GCC_WARN_UNUSED_VARIABLE = YES;
				IPHONEOS_DEPLOYMENT_TARGET = 8.0;
				LD_RUNPATH_SEARCH_PATHS = "@loader_path/Frameworks @executable_path/Frameworks";
				MTL_ENABLE_DEBUG_INFO = NO;
				SDKROOT = iphoneos;
				SWIFT_OPTIMIZATION_LEVEL = "-Owholemodule";
				TARGETED_DEVICE_FAMILY = "1,2";
				VALIDATE_PRODUCT = YES;
				VERSIONING_SYSTEM = "apple-generic";
				VERSION_INFO_PREFIX = "";
			};
			name = Release;
		};
		DA76A6121B7B73D30033E553 /* Debug */ = {
			isa = XCBuildConfiguration;
			buildSettings = {
				CLANG_ENABLE_MODULES = YES;
				"CODE_SIGN_IDENTITY[sdk=iphoneos*]" = "";
				DEFINES_MODULE = YES;
				DYLIB_COMPATIBILITY_VERSION = 1;
				DYLIB_CURRENT_VERSION = 1;
				DYLIB_INSTALL_NAME_BASE = "@rpath";
				FRAMEWORK_SEARCH_PATHS = (
					"$(inherited)",
					"$(PROJECT_DIR)/DeviceDNA/Framework",
				);
				INFOPLIST_FILE = "$(SRCROOT)/Source/Info.plist";
				INSTALL_PATH = "$(LOCAL_LIBRARY_DIR)/Frameworks";
				PRODUCT_BUNDLE_IDENTIFIER = com.judo.JudoKit;
				PRODUCT_NAME = "$(TARGET_NAME)";
				SKIP_INSTALL = YES;
				SWIFT_OPTIMIZATION_LEVEL = "-Onone";
				SWIFT_VERSION = 3.0;
			};
			name = Debug;
		};
		DA76A6131B7B73D30033E553 /* Release */ = {
			isa = XCBuildConfiguration;
			buildSettings = {
				CLANG_ENABLE_MODULES = YES;
				"CODE_SIGN_IDENTITY[sdk=iphoneos*]" = "";
				DEFINES_MODULE = YES;
				DYLIB_COMPATIBILITY_VERSION = 1;
				DYLIB_CURRENT_VERSION = 1;
				DYLIB_INSTALL_NAME_BASE = "@rpath";
				FRAMEWORK_SEARCH_PATHS = (
					"$(inherited)",
					"$(PROJECT_DIR)/DeviceDNA/Framework",
				);
				INFOPLIST_FILE = "$(SRCROOT)/Source/Info.plist";
				INSTALL_PATH = "$(LOCAL_LIBRARY_DIR)/Frameworks";
				PRODUCT_BUNDLE_IDENTIFIER = com.judo.JudoKit;
				PRODUCT_NAME = "$(TARGET_NAME)";
				SKIP_INSTALL = YES;
				SWIFT_VERSION = 3.0;
			};
			name = Release;
		};
/* End XCBuildConfiguration section */

/* Begin XCConfigurationList section */
		3B5A60111CAACF6100E98AC6 /* Build configuration list for PBXNativeTarget "JudoKitTests" */ = {
			isa = XCConfigurationList;
			buildConfigurations = (
				3B5A60121CAACF6100E98AC6 /* Debug */,
				3B5A60131CAACF6100E98AC6 /* Release */,
			);
			defaultConfigurationIsVisible = 0;
			defaultConfigurationName = Release;
		};
		DA76A5F71B7B73D30033E553 /* Build configuration list for PBXProject "JudoKit" */ = {
			isa = XCConfigurationList;
			buildConfigurations = (
				DA76A60F1B7B73D30033E553 /* Debug */,
				DA76A6101B7B73D30033E553 /* Release */,
			);
			defaultConfigurationIsVisible = 0;
			defaultConfigurationName = Release;
		};
		DA76A6111B7B73D30033E553 /* Build configuration list for PBXNativeTarget "JudoKit" */ = {
			isa = XCConfigurationList;
			buildConfigurations = (
				DA76A6121B7B73D30033E553 /* Debug */,
				DA76A6131B7B73D30033E553 /* Release */,
			);
			defaultConfigurationIsVisible = 0;
			defaultConfigurationName = Release;
		};
/* End XCConfigurationList section */
	};
	rootObject = DA76A5F41B7B73D30033E553 /* Project object */;
}
