// !$*UTF8*$!
{
	archiveVersion = 1;
	classes = {
	};
	objectVersion = 46;
	objects = {

/* Begin PBXBuildFile section */
		DAC0A39E1BAC715000EA689D /* main.m in Sources */ = {isa = PBXBuildFile; fileRef = DAC0A39D1BAC715000EA689D /* main.m */; };
		DAC0A3A11BAC715000EA689D /* AppDelegate.m in Sources */ = {isa = PBXBuildFile; fileRef = DAC0A3A01BAC715000EA689D /* AppDelegate.m */; };
		DAC0A3A41BAC715000EA689D /* ViewController.m in Sources */ = {isa = PBXBuildFile; fileRef = DAC0A3A31BAC715000EA689D /* ViewController.m */; };
		DAC0A3A71BAC715000EA689D /* Main.storyboard in Resources */ = {isa = PBXBuildFile; fileRef = DAC0A3A51BAC715000EA689D /* Main.storyboard */; };
		DAC0A3A91BAC715000EA689D /* Assets.xcassets in Resources */ = {isa = PBXBuildFile; fileRef = DAC0A3A81BAC715000EA689D /* Assets.xcassets */; };
		DAC0A3AC1BAC715000EA689D /* LaunchScreen.storyboard in Resources */ = {isa = PBXBuildFile; fileRef = DAC0A3AA1BAC715000EA689D /* LaunchScreen.storyboard */; };
		DAC0A3B51BAC718B00EA689D /* DetailViewController.m in Sources */ = {isa = PBXBuildFile; fileRef = DAC0A3B41BAC718B00EA689D /* DetailViewController.m */; settings = {ASSET_TAGS = (); }; };
		DAC0A3C01BAC71D500EA689D /* JudoKit.framework in Frameworks */ = {isa = PBXBuildFile; fileRef = DAC0A3BD1BAC71CF00EA689D /* JudoKit.framework */; };
		DAC0A3C21BAC71D500EA689D /* Judo.framework in Frameworks */ = {isa = PBXBuildFile; fileRef = DAC0A3C11BAC71D500EA689D /* Judo.framework */; };
		DAC0A3C41BAC71DE00EA689D /* JudoShield.framework in Frameworks */ = {isa = PBXBuildFile; fileRef = DAC0A3C31BAC71DE00EA689D /* JudoShield.framework */; };
		DAC0A3C51BAC71E500EA689D /* JudoShield.framework in Frameworks */ = {isa = PBXBuildFile; fileRef = DAC0A3C31BAC71DE00EA689D /* JudoShield.framework */; };
		DAC0A3C61BAC71E500EA689D /* JudoShield.framework in Embed Frameworks */ = {isa = PBXBuildFile; fileRef = DAC0A3C31BAC71DE00EA689D /* JudoShield.framework */; settings = {ATTRIBUTES = (CodeSignOnCopy, RemoveHeadersOnCopy, ); }; };
		DAC0A3C71BAC71E500EA689D /* Judo.framework in Frameworks */ = {isa = PBXBuildFile; fileRef = DAC0A3C11BAC71D500EA689D /* Judo.framework */; };
		DAC0A3C81BAC71E500EA689D /* Judo.framework in Embed Frameworks */ = {isa = PBXBuildFile; fileRef = DAC0A3C11BAC71D500EA689D /* Judo.framework */; settings = {ATTRIBUTES = (CodeSignOnCopy, RemoveHeadersOnCopy, ); }; };
		DAC0A3C91BAC71E500EA689D /* JudoKit.framework in Frameworks */ = {isa = PBXBuildFile; fileRef = DAC0A3BD1BAC71CF00EA689D /* JudoKit.framework */; };
		DAC0A3CA1BAC71E500EA689D /* JudoKit.framework in Embed Frameworks */ = {isa = PBXBuildFile; fileRef = DAC0A3BD1BAC71CF00EA689D /* JudoKit.framework */; settings = {ATTRIBUTES = (CodeSignOnCopy, RemoveHeadersOnCopy, ); }; };
/* End PBXBuildFile section */

/* Begin PBXContainerItemProxy section */
		DAC0A3BC1BAC71CF00EA689D /* PBXContainerItemProxy */ = {
			isa = PBXContainerItemProxy;
			containerPortal = DAC0A3B61BAC71CF00EA689D /* JudoKit.xcodeproj */;
			proxyType = 2;
			remoteGlobalIDString = DA76A5FD1B7B73D30033E553;
			remoteInfo = JudoKit;
		};
		DAC0A3BE1BAC71CF00EA689D /* PBXContainerItemProxy */ = {
			isa = PBXContainerItemProxy;
			containerPortal = DAC0A3B61BAC71CF00EA689D /* JudoKit.xcodeproj */;
			proxyType = 2;
			remoteGlobalIDString = DAD13A011B7B8BD6007BB196;
			remoteInfo = JudoKitTests;
		};
		DAC0A3CB1BAC71E500EA689D /* PBXContainerItemProxy */ = {
			isa = PBXContainerItemProxy;
			containerPortal = DAC0A3B61BAC71CF00EA689D /* JudoKit.xcodeproj */;
			proxyType = 1;
			remoteGlobalIDString = DA76A5FC1B7B73D30033E553;
			remoteInfo = JudoKit;
		};
/* End PBXContainerItemProxy section */

/* Begin PBXCopyFilesBuildPhase section */
		DAC0A3CD1BAC71E500EA689D /* Embed Frameworks */ = {
			isa = PBXCopyFilesBuildPhase;
			buildActionMask = 2147483647;
			dstPath = "";
			dstSubfolderSpec = 10;
			files = (
				DAC0A3C81BAC71E500EA689D /* Judo.framework in Embed Frameworks */,
				DAC0A3C61BAC71E500EA689D /* JudoShield.framework in Embed Frameworks */,
				DAC0A3CA1BAC71E500EA689D /* JudoKit.framework in Embed Frameworks */,
			);
			name = "Embed Frameworks";
			runOnlyForDeploymentPostprocessing = 0;
		};
/* End PBXCopyFilesBuildPhase section */

/* Begin PBXFileReference section */
		DAC0A3991BAC715000EA689D /* JudoKitObjCExample.app */ = {isa = PBXFileReference; explicitFileType = wrapper.application; includeInIndex = 0; path = JudoKitObjCExample.app; sourceTree = BUILT_PRODUCTS_DIR; };
		DAC0A39D1BAC715000EA689D /* main.m */ = {isa = PBXFileReference; lastKnownFileType = sourcecode.c.objc; path = main.m; sourceTree = "<group>"; };
		DAC0A39F1BAC715000EA689D /* AppDelegate.h */ = {isa = PBXFileReference; lastKnownFileType = sourcecode.c.h; path = AppDelegate.h; sourceTree = "<group>"; };
		DAC0A3A01BAC715000EA689D /* AppDelegate.m */ = {isa = PBXFileReference; lastKnownFileType = sourcecode.c.objc; path = AppDelegate.m; sourceTree = "<group>"; };
		DAC0A3A21BAC715000EA689D /* ViewController.h */ = {isa = PBXFileReference; lastKnownFileType = sourcecode.c.h; path = ViewController.h; sourceTree = "<group>"; };
		DAC0A3A31BAC715000EA689D /* ViewController.m */ = {isa = PBXFileReference; lastKnownFileType = sourcecode.c.objc; path = ViewController.m; sourceTree = "<group>"; };
		DAC0A3A61BAC715000EA689D /* Base */ = {isa = PBXFileReference; lastKnownFileType = file.storyboard; name = Base; path = Base.lproj/Main.storyboard; sourceTree = "<group>"; };
		DAC0A3A81BAC715000EA689D /* Assets.xcassets */ = {isa = PBXFileReference; lastKnownFileType = folder.assetcatalog; path = Assets.xcassets; sourceTree = "<group>"; };
		DAC0A3AB1BAC715000EA689D /* Base */ = {isa = PBXFileReference; lastKnownFileType = file.storyboard; name = Base; path = Base.lproj/LaunchScreen.storyboard; sourceTree = "<group>"; };
		DAC0A3AD1BAC715000EA689D /* Info.plist */ = {isa = PBXFileReference; lastKnownFileType = text.plist.xml; path = Info.plist; sourceTree = "<group>"; };
		DAC0A3B31BAC718B00EA689D /* DetailViewController.h */ = {isa = PBXFileReference; fileEncoding = 4; lastKnownFileType = sourcecode.c.h; path = DetailViewController.h; sourceTree = "<group>"; };
		DAC0A3B41BAC718B00EA689D /* DetailViewController.m */ = {isa = PBXFileReference; fileEncoding = 4; lastKnownFileType = sourcecode.c.objc; path = DetailViewController.m; sourceTree = "<group>"; };
		DAC0A3B61BAC71CF00EA689D /* JudoKit.xcodeproj */ = {isa = PBXFileReference; lastKnownFileType = "wrapper.pb-project"; name = JudoKit.xcodeproj; path = ../JudoKit.xcodeproj; sourceTree = "<group>"; };
		DAC0A3C11BAC71D500EA689D /* Judo.framework */ = {isa = PBXFileReference; lastKnownFileType = wrapper.framework; name = Judo.framework; path = "../../../../Library/Developer/Xcode/DerivedData/JudoKitObjCExample-ajadyjwlllabiccpboduicexejtu/Build/Products/Debug-iphoneos/Judo.framework"; sourceTree = "<group>"; };
		DAC0A3C31BAC71DE00EA689D /* JudoShield.framework */ = {isa = PBXFileReference; lastKnownFileType = wrapper.framework; name = JudoShield.framework; path = ../JudoShield/Framework/JudoShield.framework; sourceTree = "<group>"; };
/* End PBXFileReference section */

/* Begin PBXFrameworksBuildPhase section */
		DAC0A3961BAC715000EA689D /* Frameworks */ = {
			isa = PBXFrameworksBuildPhase;
			buildActionMask = 2147483647;
			files = (
				DAC0A3C41BAC71DE00EA689D /* JudoShield.framework in Frameworks */,
				DAC0A3C21BAC71D500EA689D /* Judo.framework in Frameworks */,
				DAC0A3C01BAC71D500EA689D /* JudoKit.framework in Frameworks */,
				DAC0A3C71BAC71E500EA689D /* Judo.framework in Frameworks */,
				DAC0A3C51BAC71E500EA689D /* JudoShield.framework in Frameworks */,
				DAC0A3C91BAC71E500EA689D /* JudoKit.framework in Frameworks */,
			);
			runOnlyForDeploymentPostprocessing = 0;
		};
/* End PBXFrameworksBuildPhase section */

/* Begin PBXGroup section */
		DAC0A3901BAC715000EA689D = {
			isa = PBXGroup;
			children = (
				DAC0A3C31BAC71DE00EA689D /* JudoShield.framework */,
				DAC0A3C11BAC71D500EA689D /* Judo.framework */,
				DAC0A3B61BAC71CF00EA689D /* JudoKit.xcodeproj */,
				DAC0A39B1BAC715000EA689D /* JudoKitObjCExample */,
				DAC0A39A1BAC715000EA689D /* Products */,
			);
			sourceTree = "<group>";
		};
		DAC0A39A1BAC715000EA689D /* Products */ = {
			isa = PBXGroup;
			children = (
				DAC0A3991BAC715000EA689D /* JudoKitObjCExample.app */,
			);
			name = Products;
			sourceTree = "<group>";
		};
		DAC0A39B1BAC715000EA689D /* JudoKitObjCExample */ = {
			isa = PBXGroup;
			children = (
				DAC0A39F1BAC715000EA689D /* AppDelegate.h */,
				DAC0A3A01BAC715000EA689D /* AppDelegate.m */,
				DAC0A3A21BAC715000EA689D /* ViewController.h */,
				DAC0A3A31BAC715000EA689D /* ViewController.m */,
				DAC0A3B31BAC718B00EA689D /* DetailViewController.h */,
				DAC0A3B41BAC718B00EA689D /* DetailViewController.m */,
				DAC0A3A51BAC715000EA689D /* Main.storyboard */,
				DAC0A3A81BAC715000EA689D /* Assets.xcassets */,
				DAC0A3AA1BAC715000EA689D /* LaunchScreen.storyboard */,
				DAC0A3AD1BAC715000EA689D /* Info.plist */,
				DAC0A39C1BAC715000EA689D /* Supporting Files */,
			);
			path = JudoKitObjCExample;
			sourceTree = "<group>";
		};
		DAC0A39C1BAC715000EA689D /* Supporting Files */ = {
			isa = PBXGroup;
			children = (
				DAC0A39D1BAC715000EA689D /* main.m */,
			);
			name = "Supporting Files";
			sourceTree = "<group>";
		};
		DAC0A3B71BAC71CF00EA689D /* Products */ = {
			isa = PBXGroup;
			children = (
				DAC0A3BD1BAC71CF00EA689D /* JudoKit.framework */,
				DAC0A3BF1BAC71CF00EA689D /* JudoKitTests.xctest */,
			);
			name = Products;
			sourceTree = "<group>";
		};
/* End PBXGroup section */

/* Begin PBXNativeTarget section */
		DAC0A3981BAC715000EA689D /* JudoKitObjCExample */ = {
			isa = PBXNativeTarget;
			buildConfigurationList = DAC0A3B01BAC715000EA689D /* Build configuration list for PBXNativeTarget "JudoKitObjCExample" */;
			buildPhases = (
				DAC0A3951BAC715000EA689D /* Sources */,
				DAC0A3961BAC715000EA689D /* Frameworks */,
				DAC0A3971BAC715000EA689D /* Resources */,
				DAC0A3CD1BAC71E500EA689D /* Embed Frameworks */,
			);
			buildRules = (
			);
			dependencies = (
				DAC0A3CC1BAC71E500EA689D /* PBXTargetDependency */,
			);
			name = JudoKitObjCExample;
			productName = JudoKitObjCExample;
			productReference = DAC0A3991BAC715000EA689D /* JudoKitObjCExample.app */;
			productType = "com.apple.product-type.application";
		};
/* End PBXNativeTarget section */

/* Begin PBXProject section */
		DAC0A3911BAC715000EA689D /* Project object */ = {
			isa = PBXProject;
			attributes = {
				LastUpgradeCheck = 0700;
				ORGANIZATIONNAME = "Judo Payments";
				TargetAttributes = {
					DAC0A3981BAC715000EA689D = {
						CreatedOnToolsVersion = 7.0;
					};
				};
			};
			buildConfigurationList = DAC0A3941BAC715000EA689D /* Build configuration list for PBXProject "JudoKitObjCExample" */;
			compatibilityVersion = "Xcode 3.2";
			developmentRegion = English;
			hasScannedForEncodings = 0;
			knownRegions = (
				en,
				Base,
			);
			mainGroup = DAC0A3901BAC715000EA689D;
			productRefGroup = DAC0A39A1BAC715000EA689D /* Products */;
			projectDirPath = "";
			projectReferences = (
				{
					ProductGroup = DAC0A3B71BAC71CF00EA689D /* Products */;
					ProjectRef = DAC0A3B61BAC71CF00EA689D /* JudoKit.xcodeproj */;
				},
			);
			projectRoot = "";
			targets = (
				DAC0A3981BAC715000EA689D /* JudoKitObjCExample */,
			);
		};
/* End PBXProject section */

/* Begin PBXReferenceProxy section */
		DAC0A3BD1BAC71CF00EA689D /* JudoKit.framework */ = {
			isa = PBXReferenceProxy;
			fileType = wrapper.framework;
			path = JudoKit.framework;
			remoteRef = DAC0A3BC1BAC71CF00EA689D /* PBXContainerItemProxy */;
			sourceTree = BUILT_PRODUCTS_DIR;
		};
		DAC0A3BF1BAC71CF00EA689D /* JudoKitTests.xctest */ = {
			isa = PBXReferenceProxy;
			fileType = wrapper.cfbundle;
			path = JudoKitTests.xctest;
			remoteRef = DAC0A3BE1BAC71CF00EA689D /* PBXContainerItemProxy */;
			sourceTree = BUILT_PRODUCTS_DIR;
		};
/* End PBXReferenceProxy section */

/* Begin PBXResourcesBuildPhase section */
		DAC0A3971BAC715000EA689D /* Resources */ = {
			isa = PBXResourcesBuildPhase;
			buildActionMask = 2147483647;
			files = (
				DAC0A3AC1BAC715000EA689D /* LaunchScreen.storyboard in Resources */,
				DAC0A3A91BAC715000EA689D /* Assets.xcassets in Resources */,
				DAC0A3A71BAC715000EA689D /* Main.storyboard in Resources */,
			);
			runOnlyForDeploymentPostprocessing = 0;
		};
/* End PBXResourcesBuildPhase section */

/* Begin PBXSourcesBuildPhase section */
		DAC0A3951BAC715000EA689D /* Sources */ = {
			isa = PBXSourcesBuildPhase;
			buildActionMask = 2147483647;
			files = (
				DAC0A3A41BAC715000EA689D /* ViewController.m in Sources */,
				DAC0A3A11BAC715000EA689D /* AppDelegate.m in Sources */,
				DAC0A39E1BAC715000EA689D /* main.m in Sources */,
				DAC0A3B51BAC718B00EA689D /* DetailViewController.m in Sources */,
			);
			runOnlyForDeploymentPostprocessing = 0;
		};
/* End PBXSourcesBuildPhase section */

/* Begin PBXTargetDependency section */
		DAC0A3CC1BAC71E500EA689D /* PBXTargetDependency */ = {
			isa = PBXTargetDependency;
			name = JudoKit;
			targetProxy = DAC0A3CB1BAC71E500EA689D /* PBXContainerItemProxy */;
		};
/* End PBXTargetDependency section */

/* Begin PBXVariantGroup section */
		DAC0A3A51BAC715000EA689D /* Main.storyboard */ = {
			isa = PBXVariantGroup;
			children = (
				DAC0A3A61BAC715000EA689D /* Base */,
			);
			name = Main.storyboard;
			sourceTree = "<group>";
		};
		DAC0A3AA1BAC715000EA689D /* LaunchScreen.storyboard */ = {
			isa = PBXVariantGroup;
			children = (
				DAC0A3AB1BAC715000EA689D /* Base */,
			);
			name = LaunchScreen.storyboard;
			sourceTree = "<group>";
		};
/* End PBXVariantGroup section */

/* Begin XCBuildConfiguration section */
		DAC0A3AE1BAC715000EA689D /* Debug */ = {
			isa = XCBuildConfiguration;
			buildSettings = {
				ALWAYS_SEARCH_USER_PATHS = NO;
				CLANG_CXX_LANGUAGE_STANDARD = "gnu++0x";
				CLANG_CXX_LIBRARY = "libc++";
				CLANG_ENABLE_MODULES = YES;
				CLANG_ENABLE_OBJC_ARC = YES;
				CLANG_WARN_BOOL_CONVERSION = YES;
				CLANG_WARN_CONSTANT_CONVERSION = YES;
				CLANG_WARN_DIRECT_OBJC_ISA_USAGE = YES_ERROR;
				CLANG_WARN_EMPTY_BODY = YES;
				CLANG_WARN_ENUM_CONVERSION = YES;
				CLANG_WARN_INT_CONVERSION = YES;
				CLANG_WARN_OBJC_ROOT_CLASS = YES_ERROR;
				CLANG_WARN_UNREACHABLE_CODE = YES;
				CLANG_WARN__DUPLICATE_METHOD_MATCH = YES;
				"CODE_SIGN_IDENTITY[sdk=iphoneos*]" = "iPhone Developer";
				COPY_PHASE_STRIP = NO;
				DEBUG_INFORMATION_FORMAT = dwarf;
				ENABLE_STRICT_OBJC_MSGSEND = YES;
				ENABLE_TESTABILITY = YES;
				GCC_C_LANGUAGE_STANDARD = gnu99;
				GCC_DYNAMIC_NO_PIC = NO;
				GCC_NO_COMMON_BLOCKS = YES;
				GCC_OPTIMIZATION_LEVEL = 0;
				GCC_PREPROCESSOR_DEFINITIONS = (
					"DEBUG=1",
					"$(inherited)",
				);
				GCC_WARN_64_TO_32_BIT_CONVERSION = YES;
				GCC_WARN_ABOUT_RETURN_TYPE = YES_ERROR;
				GCC_WARN_UNDECLARED_SELECTOR = YES;
				GCC_WARN_UNINITIALIZED_AUTOS = YES_AGGRESSIVE;
				GCC_WARN_UNUSED_FUNCTION = YES;
				GCC_WARN_UNUSED_VARIABLE = YES;
				IPHONEOS_DEPLOYMENT_TARGET = 9.0;
				MTL_ENABLE_DEBUG_INFO = YES;
				ONLY_ACTIVE_ARCH = YES;
				SDKROOT = iphoneos;
			};
			name = Debug;
		};
		DAC0A3AF1BAC715000EA689D /* Release */ = {
			isa = XCBuildConfiguration;
			buildSettings = {
				ALWAYS_SEARCH_USER_PATHS = NO;
				CLANG_CXX_LANGUAGE_STANDARD = "gnu++0x";
				CLANG_CXX_LIBRARY = "libc++";
				CLANG_ENABLE_MODULES = YES;
				CLANG_ENABLE_OBJC_ARC = YES;
				CLANG_WARN_BOOL_CONVERSION = YES;
				CLANG_WARN_CONSTANT_CONVERSION = YES;
				CLANG_WARN_DIRECT_OBJC_ISA_USAGE = YES_ERROR;
				CLANG_WARN_EMPTY_BODY = YES;
				CLANG_WARN_ENUM_CONVERSION = YES;
				CLANG_WARN_INT_CONVERSION = YES;
				CLANG_WARN_OBJC_ROOT_CLASS = YES_ERROR;
				CLANG_WARN_UNREACHABLE_CODE = YES;
				CLANG_WARN__DUPLICATE_METHOD_MATCH = YES;
				"CODE_SIGN_IDENTITY[sdk=iphoneos*]" = "iPhone Developer";
				COPY_PHASE_STRIP = NO;
				DEBUG_INFORMATION_FORMAT = "dwarf-with-dsym";
				ENABLE_NS_ASSERTIONS = NO;
				ENABLE_STRICT_OBJC_MSGSEND = YES;
				GCC_C_LANGUAGE_STANDARD = gnu99;
				GCC_NO_COMMON_BLOCKS = YES;
				GCC_WARN_64_TO_32_BIT_CONVERSION = YES;
				GCC_WARN_ABOUT_RETURN_TYPE = YES_ERROR;
				GCC_WARN_UNDECLARED_SELECTOR = YES;
				GCC_WARN_UNINITIALIZED_AUTOS = YES_AGGRESSIVE;
				GCC_WARN_UNUSED_FUNCTION = YES;
				GCC_WARN_UNUSED_VARIABLE = YES;
				IPHONEOS_DEPLOYMENT_TARGET = 9.0;
				MTL_ENABLE_DEBUG_INFO = NO;
				SDKROOT = iphoneos;
				VALIDATE_PRODUCT = YES;
			};
			name = Release;
		};
		DAC0A3B11BAC715000EA689D /* Debug */ = {
			isa = XCBuildConfiguration;
			buildSettings = {
				ASSETCATALOG_COMPILER_APPICON_NAME = AppIcon;
				EMBEDDED_CONTENT_CONTAINS_SWIFT = YES;
				FRAMEWORK_SEARCH_PATHS = "$(PROJECT_DIR)/../JudoShield/Framework";
				INFOPLIST_FILE = JudoKitObjCExample/Info.plist;
				LD_RUNPATH_SEARCH_PATHS = "$(inherited) @executable_path/Frameworks";
				PRODUCT_BUNDLE_IDENTIFIER = com.judo.JudoKitObjCExample;
				PRODUCT_NAME = "$(TARGET_NAME)";
			};
			name = Debug;
		};
		DAC0A3B21BAC715000EA689D /* Release */ = {
			isa = XCBuildConfiguration;
			buildSettings = {
				ASSETCATALOG_COMPILER_APPICON_NAME = AppIcon;
				EMBEDDED_CONTENT_CONTAINS_SWIFT = YES;
				FRAMEWORK_SEARCH_PATHS = "$(PROJECT_DIR)/../JudoShield/Framework";
				INFOPLIST_FILE = JudoKitObjCExample/Info.plist;
				LD_RUNPATH_SEARCH_PATHS = "$(inherited) @executable_path/Frameworks";
				PRODUCT_BUNDLE_IDENTIFIER = com.judo.JudoKitObjCExample;
				PRODUCT_NAME = "$(TARGET_NAME)";
			};
			name = Release;
		};
/* End XCBuildConfiguration section */

/* Begin XCConfigurationList section */
		DAC0A3941BAC715000EA689D /* Build configuration list for PBXProject "JudoKitObjCExample" */ = {
			isa = XCConfigurationList;
			buildConfigurations = (
				DAC0A3AE1BAC715000EA689D /* Debug */,
				DAC0A3AF1BAC715000EA689D /* Release */,
			);
			defaultConfigurationIsVisible = 0;
			defaultConfigurationName = Release;
		};
		DAC0A3B01BAC715000EA689D /* Build configuration list for PBXNativeTarget "JudoKitObjCExample" */ = {
			isa = XCConfigurationList;
			buildConfigurations = (
				DAC0A3B11BAC715000EA689D /* Debug */,
				DAC0A3B21BAC715000EA689D /* Release */,
			);
			defaultConfigurationIsVisible = 0;
			defaultConfigurationName = Release;
		};
/* End XCConfigurationList section */
	};
	rootObject = DAC0A3911BAC715000EA689D /* Project object */;
}
